Microsoft Visual Studio Solution File, Format Version 11.00
# Visual Studio 2008

Project("{88BE50F0-7B12-3DD9-172C-C25DFB246C7F}") = "TD Test", "Assembly-CSharp-firstpass.csproj", "{8073AAD1-0B11-9ACE-506E-2941F3A14AE5}"
EndProject
Project("{88BE50F0-7B12-3DD9-172C-C25DFB246C7F}") = "TD Test", "Assembly-CSharp.csproj", "{F2EB9A3F-8C05-5B1B-43D6-9712E1837EAF}"
EndProject
Project("{88BE50F0-7B12-3DD9-172C-C25DFB246C7F}") = "TD Test", "Assembly-UnityScript-firstpass.unityproj", "{F4B3553A-243E-7F6A-DE75-3F4422FCCE1F}"
EndProject
Project("{88BE50F0-7B12-3DD9-172C-C25DFB246C7F}") = "TD Test", "Assembly-UnityScript.unityproj", "{0D7DB81D-9434-DB9E-C75E-41184C45DCFA}"
EndProject
Global
	GlobalSection(SolutionConfigurationPlatforms) = preSolution
		Debug|Any CPU = Debug|Any CPU
		Release|Any CPU = Release|Any CPU
	EndGlobalSection
	GlobalSection(ProjectConfigurationPlatforms) = postSolution
		{8073AAD1-0B11-9ACE-506E-2941F3A14AE5}.Debug|Any CPU.ActiveCfg = Debug|Any CPU
		{8073AAD1-0B11-9ACE-506E-2941F3A14AE5}.Debug|Any CPU.Build.0 = Debug|Any CPU
		{8073AAD1-0B11-9ACE-506E-2941F3A14AE5}.Release|Any CPU.ActiveCfg = Release|Any CPU
		{8073AAD1-0B11-9ACE-506E-2941F3A14AE5}.Release|Any CPU.Build.0 = Release|Any CPU
		{F2EB9A3F-8C05-5B1B-43D6-9712E1837EAF}.Debug|Any CPU.ActiveCfg = Debug|Any CPU
		{F2EB9A3F-8C05-5B1B-43D6-9712E1837EAF}.Debug|Any CPU.Build.0 = Debug|Any CPU
		{F2EB9A3F-8C05-5B1B-43D6-9712E1837EAF}.Release|Any CPU.ActiveCfg = Release|Any CPU
		{F2EB9A3F-8C05-5B1B-43D6-9712E1837EAF}.Release|Any CPU.Build.0 = Release|Any CPU
		{F4B3553A-243E-7F6A-DE75-3F4422FCCE1F}.Debug|Any CPU.ActiveCfg = Debug|Any CPU
		{F4B3553A-243E-7F6A-DE75-3F4422FCCE1F}.Debug|Any CPU.Build.0 = Debug|Any CPU
		{F4B3553A-243E-7F6A-DE75-3F4422FCCE1F}.Release|Any CPU.ActiveCfg = Release|Any CPU
		{F4B3553A-243E-7F6A-DE75-3F4422FCCE1F}.Release|Any CPU.Build.0 = Release|Any CPU
		{0D7DB81D-9434-DB9E-C75E-41184C45DCFA}.Debug|Any CPU.ActiveCfg = Debug|Any CPU
		{0D7DB81D-9434-DB9E-C75E-41184C45DCFA}.Debug|Any CPU.Build.0 = Debug|Any CPU
		{0D7DB81D-9434-DB9E-C75E-41184C45DCFA}.Release|Any CPU.ActiveCfg = Release|Any CPU
		{0D7DB81D-9434-DB9E-C75E-41184C45DCFA}.Release|Any CPU.Build.0 = Release|Any CPU
	EndGlobalSection
	GlobalSection(SolutionProperties) = preSolution
		HideSolutionNode = FALSE
	EndGlobalSection
																																																							GlobalSection(MonoDevelopProperties) = preSolution
		StartupItem = Assembly-CSharp.csproj
		Policies = $0
		$0.TextStylePolicy = $1
		$1.inheritsSet = null
		$1.scope = text/x-csharp
		$0.CSharpFormattingPolicy = $2
		$2.inheritsSet = Mono
		$2.inheritsScope = text/x-csharp
		$2.scope = text/x-csharp
		$0.TextStylePolicy = $3
		$3.FileWidth = 120
		$3.TabWidth = 4
		$3.EolMarker = Unix
		$3.inheritsSet = Mono
		$3.inheritsScope = text/plain
		$3.scope = text/plain
	EndGlobalSection

EndGlobal
